
Microsoft Visual Studio Solution File, Format Version 12.00
# Visual Studio Version 16
VisualStudioVersion = 16.0.30621.155
MinimumVisualStudioVersion = 10.0.40219.1
Project("{9A19103F-16F7-4668-BE54-9A1E7A4F7556}") = "TopLearn.Web", "TopLearn.Web\TopLearn.Web.csproj", "{FD8D0597-B4DF-4599-9386-C0AABC769709}"
EndProject
Project("{9A19103F-16F7-4668-BE54-9A1E7A4F7556}") = "TopLearn.DAL", "TopLearn.DAL\TopLearn.DAL.csproj", "{1059CBAD-F236-4E88-A97E-F3E79A120372}"
EndProject
Project("{9A19103F-16F7-4668-BE54-9A1E7A4F7556}") = "TopLearn.Core", "TopLearn.Core\TopLearn.Core.csproj", "{FC89E5F2-0F11-4782-A2F3-31838D461D74}"
EndProject
Project("{FAE04EC0-301F-11D3-BF4B-00C04F79EFBC}") = "TopLearn.WebApi", "TopLearn.WebApi\TopLearn.WebApi.csproj", "{D97AB4A6-EF82-41AB-9CD3-0C8104DA840C}"
EndProject
Global
	GlobalSection(SolutionConfigurationPlatforms) = preSolution
		Debug|Any CPU = Debug|Any CPU
		Release|Any CPU = Release|Any CPU
	EndGlobalSection
	GlobalSection(ProjectConfigurationPlatforms) = postSolution
		{FD8D0597-B4DF-4599-9386-C0AABC769709}.Debug|Any CPU.ActiveCfg = Debug|Any CPU
		{FD8D0597-B4DF-4599-9386-C0AABC769709}.Debug|Any CPU.Build.0 = Debug|Any CPU
		{FD8D0597-B4DF-4599-9386-C0AABC769709}.Release|Any CPU.ActiveCfg = Release|Any CPU
		{FD8D0597-B4DF-4599-9386-C0AABC769709}.Release|Any CPU.Build.0 = Release|Any CPU
		{1059CBAD-F236-4E88-A97E-F3E79A120372}.Debug|Any CPU.ActiveCfg = Debug|Any CPU
		{1059CBAD-F236-4E88-A97E-F3E79A120372}.Debug|Any CPU.Build.0 = Debug|Any CPU
		{1059CBAD-F236-4E88-A97E-F3E79A120372}.Release|Any CPU.ActiveCfg = Release|Any CPU
		{1059CBAD-F236-4E88-A97E-F3E79A120372}.Release|Any CPU.Build.0 = Release|Any CPU
		{FC89E5F2-0F11-4782-A2F3-31838D461D74}.Debug|Any CPU.ActiveCfg = Debug|Any CPU
		{FC89E5F2-0F11-4782-A2F3-31838D461D74}.Debug|Any CPU.Build.0 = Debug|Any CPU
		{FC89E5F2-0F11-4782-A2F3-31838D461D74}.Release|Any CPU.ActiveCfg = Release|Any CPU
		{FC89E5F2-0F11-4782-A2F3-31838D461D74}.Release|Any CPU.Build.0 = Release|Any CPU
		{D97AB4A6-EF82-41AB-9CD3-0C8104DA840C}.Debug|Any CPU.ActiveCfg = Debug|Any CPU
		{D97AB4A6-EF82-41AB-9CD3-0C8104DA840C}.Debug|Any CPU.Build.0 = Debug|Any CPU
		{D97AB4A6-EF82-41AB-9CD3-0C8104DA840C}.Release|Any CPU.ActiveCfg = Release|Any CPU
		{D97AB4A6-EF82-41AB-9CD3-0C8104DA840C}.Release|Any CPU.Build.0 = Release|Any CPU
	EndGlobalSection
	GlobalSection(SolutionProperties) = preSolution
		HideSolutionNode = FALSE
	EndGlobalSection
	GlobalSection(ExtensibilityGlobals) = postSolution
		SolutionGuid = {60A49D35-5A8A-4BC5-8368-8402CC68D8C5}
	EndGlobalSection
EndGlobal
